
Microsoft Visual Studio Solution File, Format Version 12.00
# Visual Studio Version 17
VisualStudioVersion = 17.6.33829.357
MinimumVisualStudioVersion = 10.0.40219.1
Project("{FAE04EC0-301F-11D3-BF4B-00C04F79EFBC}") = "PraktikaVersions", "PraktikaVersions\PraktikaVersions.csproj", "{B6A75923-71E8-4462-AD2A-8B8D32D785B5}"
EndProject
Global
	GlobalSection(SolutionConfigurationPlatforms) = preSolution
		Debug|Any CPU = Debug|Any CPU
		Release|Any CPU = Release|Any CPU
	EndGlobalSection
	GlobalSection(ProjectConfigurationPlatforms) = postSolution
		{B6A75923-71E8-4462-AD2A-8B8D32D785B5}.Debug|Any CPU.ActiveCfg = Debug|Any CPU
		{B6A75923-71E8-4462-AD2A-8B8D32D785B5}.Debug|Any CPU.Build.0 = Debug|Any CPU
		{B6A75923-71E8-4462-AD2A-8B8D32D785B5}.Release|Any CPU.ActiveCfg = Release|Any CPU
		{B6A75923-71E8-4462-AD2A-8B8D32D785B5}.Release|Any CPU.Build.0 = Release|Any CPU
	EndGlobalSection
	GlobalSection(SolutionProperties) = preSolution
		HideSolutionNode = FALSE
	EndGlobalSection
	GlobalSection(ExtensibilityGlobals) = postSolution
		SolutionGuid = {74F521AB-4A67-488A-A58C-6AC7EA2CEE98}
	EndGlobalSection
EndGlobal
